
Microsoft Visual Studio Solution File, Format Version 12.00
# Visual Studio Version 17
VisualStudioVersion = 17.14.36623.8 d17.14
MinimumVisualStudioVersion = 10.0.40219.1
Project("{FAE04EC0-301F-11D3-BF4B-00C04F79EFBC}") = "WishList", "WishList\WishList.csproj", "{0ACE4E84-655B-4110-942F-3EE6E54DF664}"
EndProject
Global
	GlobalSection(SolutionConfigurationPlatforms) = preSolution
		Debug|Any CPU = Debug|Any CPU
		Release|Any CPU = Release|Any CPU
	EndGlobalSection
	GlobalSection(ProjectConfigurationPlatforms) = postSolution
		{0ACE4E84-655B-4110-942F-3EE6E54DF664}.Debug|Any CPU.ActiveCfg = Debug|Any CPU
		{0ACE4E84-655B-4110-942F-3EE6E54DF664}.Debug|Any CPU.Build.0 = Debug|Any CPU
		{0ACE4E84-655B-4110-942F-3EE6E54DF664}.Release|Any CPU.ActiveCfg = Release|Any CPU
		{0ACE4E84-655B-4110-942F-3EE6E54DF664}.Release|Any CPU.Build.0 = Release|Any CPU
	EndGlobalSection
	GlobalSection(SolutionProperties) = preSolution
		HideSolutionNode = FALSE
	EndGlobalSection
	GlobalSection(ExtensibilityGlobals) = postSolution
		SolutionGuid = {638B0DF9-31EC-4172-9105-B0E663262325}
	EndGlobalSection
EndGlobal
